
Microsoft Visual Studio Solution File, Format Version 12.00
# Visual Studio Version 17
VisualStudioVersion = 17.5.33516.290
MinimumVisualStudioVersion = 10.0.40219.1
Project("{FAE04EC0-301F-11D3-BF4B-00C04F79EFBC}") = "Exercise_3", "Exercise_3.csproj", "{E256D5E2-8F1E-4530-ACFB-80411F05F919}"
EndProject
Global
	GlobalSection(SolutionConfigurationPlatforms) = preSolution
		Debug|Any CPU = Debug|Any CPU
		Release|Any CPU = Release|Any CPU
	EndGlobalSection
	GlobalSection(ProjectConfigurationPlatforms) = postSolution
		{E256D5E2-8F1E-4530-ACFB-80411F05F919}.Debug|Any CPU.ActiveCfg = Debug|Any CPU
		{E256D5E2-8F1E-4530-ACFB-80411F05F919}.Debug|Any CPU.Build.0 = Debug|Any CPU
		{E256D5E2-8F1E-4530-ACFB-80411F05F919}.Release|Any CPU.ActiveCfg = Release|Any CPU
		{E256D5E2-8F1E-4530-ACFB-80411F05F919}.Release|Any CPU.Build.0 = Release|Any CPU
	EndGlobalSection
	GlobalSection(SolutionProperties) = preSolution
		HideSolutionNode = FALSE
	EndGlobalSection
	GlobalSection(ExtensibilityGlobals) = postSolution
		SolutionGuid = {AF72A040-20FD-4BD7-BA90-2F94EFB22CE1}
	EndGlobalSection
EndGlobal
